
Microsoft Visual Studio Solution File, Format Version 12.00
# Visual Studio 14
VisualStudioVersion = 14.0.25420.1
MinimumVisualStudioVersion = 10.0.40219.1
Project("{FAE04EC0-301F-11D3-BF4B-00C04F79EFBC}") = "Todo.Droid", "Todo\Todo.Droid\Todo.Droid.csproj", "{288CAF3A-B333-419D-ACAD-D00BF5A6AF2C}"
EndProject
Project("{FAE04EC0-301F-11D3-BF4B-00C04F79EFBC}") = "Todo.iOS", "Todo\Todo.iOS\Todo.iOS.csproj", "{5A797045-1BD6-4B49-A0ED-C05753C894DA}"
EndProject
Project("{FAE04EC0-301F-11D3-BF4B-00C04F79EFBC}") = "Todo.WinPhone", "Todo\Todo.WinPhone\Todo.WinPhone.csproj", "{6FFAA3C5-540B-42FB-94D4-978636297D4E}"
EndProject
Project("{FAE04EC0-301F-11D3-BF4B-00C04F79EFBC}") = "Todo.UWP", "Todo\Todo.UWP\Todo.UWP.csproj", "{ED0D0FF2-E6A8-4FB8-AA1E-32DFC39DBA53}"
EndProject
Project("{FAE04EC0-301F-11D3-BF4B-00C04F79EFBC}") = "Todo.Windows", "Todo\Todo.Windows\Todo.Windows.csproj", "{A392EB08-5E34-47FD-9331-558248F0A9D6}"
EndProject
Project("{FAE04EC0-301F-11D3-BF4B-00C04F79EFBC}") = "Todo", "Todo\Todo\Todo.csproj", "{0AF1A7D9-8F89-492A-A113-233D37D4F191}"
EndProject
Global
	GlobalSection(SolutionConfigurationPlatforms) = preSolution
		Ad-Hoc|Any CPU = Ad-Hoc|Any CPU
		Ad-Hoc|ARM = Ad-Hoc|ARM
		Ad-Hoc|iPhone = Ad-Hoc|iPhone
		Ad-Hoc|iPhoneSimulator = Ad-Hoc|iPhoneSimulator
		Ad-Hoc|x64 = Ad-Hoc|x64
		Ad-Hoc|x86 = Ad-Hoc|x86
		AppStore|Any CPU = AppStore|Any CPU
		AppStore|ARM = AppStore|ARM
		AppStore|iPhone = AppStore|iPhone
		AppStore|iPhoneSimulator = AppStore|iPhoneSimulator
		AppStore|x64 = AppStore|x64
		AppStore|x86 = AppStore|x86
		Debug|Any CPU = Debug|Any CPU
		Debug|ARM = Debug|ARM
		Debug|iPhone = Debug|iPhone
		Debug|iPhoneSimulator = Debug|iPhoneSimulator
		Debug|x64 = Debug|x64
		Debug|x86 = Debug|x86
		Release|Any CPU = Release|Any CPU
		Release|ARM = Release|ARM
		Release|iPhone = Release|iPhone
		Release|iPhoneSimulator = Release|iPhoneSimulator
		Release|x64 = Release|x64
		Release|x86 = Release|x86
	EndGlobalSection
	GlobalSection(ProjectConfigurationPlatforms) = postSolution
		{288CAF3A-B333-419D-ACAD-D00BF5A6AF2C}.Ad-Hoc|Any CPU.ActiveCfg = Release|Any CPU
		{288CAF3A-B333-419D-ACAD-D00BF5A6AF2C}.Ad-Hoc|Any CPU.Build.0 = Release|Any CPU
		{288CAF3A-B333-419D-ACAD-D00BF5A6AF2C}.Ad-Hoc|Any CPU.Deploy.0 = Release|Any CPU
		{288CAF3A-B333-419D-ACAD-D00BF5A6AF2C}.Ad-Hoc|ARM.ActiveCfg = Release|Any CPU
		{288CAF3A-B333-419D-ACAD-D00BF5A6AF2C}.Ad-Hoc|ARM.Build.0 = Release|Any CPU
		{288CAF3A-B333-419D-ACAD-D00BF5A6AF2C}.Ad-Hoc|ARM.Deploy.0 = Release|Any CPU
		{288CAF3A-B333-419D-ACAD-D00BF5A6AF2C}.Ad-Hoc|iPhone.ActiveCfg = Release|Any CPU
		{288CAF3A-B333-419D-ACAD-D00BF5A6AF2C}.Ad-Hoc|iPhone.Build.0 = Release|Any CPU
		{288CAF3A-B333-419D-ACAD-D00BF5A6AF2C}.Ad-Hoc|iPhone.Deploy.0 = Release|Any CPU
		{288CAF3A-B333-419D-ACAD-D00BF5A6AF2C}.Ad-Hoc|iPhoneSimulator.ActiveCfg = Release|Any CPU
		{288CAF3A-B333-419D-ACAD-D00BF5A6AF2C}.Ad-Hoc|iPhoneSimulator.Build.0 = Release|Any CPU
		{288CAF3A-B333-419D-ACAD-D00BF5A6AF2C}.Ad-Hoc|iPhoneSimulator.Deploy.0 = Release|Any CPU
		{288CAF3A-B333-419D-ACAD-D00BF5A6AF2C}.Ad-Hoc|x64.ActiveCfg = Release|Any CPU
		{288CAF3A-B333-419D-ACAD-D00BF5A6AF2C}.Ad-Hoc|x64.Build.0 = Release|Any CPU
		{288CAF3A-B333-419D-ACAD-D00BF5A6AF2C}.Ad-Hoc|x64.Deploy.0 = Release|Any CPU
		{288CAF3A-B333-419D-ACAD-D00BF5A6AF2C}.Ad-Hoc|x86.ActiveCfg = Release|Any CPU
		{288CAF3A-B333-419D-ACAD-D00BF5A6AF2C}.Ad-Hoc|x86.Build.0 = Release|Any CPU
		{288CAF3A-B333-419D-ACAD-D00BF5A6AF2C}.Ad-Hoc|x86.Deploy.0 = Release|Any CPU
		{288CAF3A-B333-419D-ACAD-D00BF5A6AF2C}.AppStore|Any CPU.ActiveCfg = Release|Any CPU
		{288CAF3A-B333-419D-ACAD-D00BF5A6AF2C}.AppStore|Any CPU.Build.0 = Release|Any CPU
		{288CAF3A-B333-419D-ACAD-D00BF5A6AF2C}.AppStore|Any CPU.Deploy.0 = Release|Any CPU
		{288CAF3A-B333-419D-ACAD-D00BF5A6AF2C}.AppStore|ARM.ActiveCfg = Release|Any CPU
		{288CAF3A-B333-419D-ACAD-D00BF5A6AF2C}.AppStore|ARM.Build.0 = Release|Any CPU
		{288CAF3A-B333-419D-ACAD-D00BF5A6AF2C}.AppStore|ARM.Deploy.0 = Release|Any CPU
		{288CAF3A-B333-419D-ACAD-D00BF5A6AF2C}.AppStore|iPhone.ActiveCfg = Release|Any CPU
		{288CAF3A-B333-419D-ACAD-D00BF5A6AF2C}.AppStore|iPhone.Build.0 = Release|Any CPU
		{288CAF3A-B333-419D-ACAD-D00BF5A6AF2C}.AppStore|iPhone.Deploy.0 = Release|Any CPU
		{288CAF3A-B333-419D-ACAD-D00BF5A6AF2C}.AppStore|iPhoneSimulator.ActiveCfg = Release|Any CPU
		{288CAF3A-B333-419D-ACAD-D00BF5A6AF2C}.AppStore|iPhoneSimulator.Build.0 = Release|Any CPU
		{288CAF3A-B333-419D-ACAD-D00BF5A6AF2C}.AppStore|iPhoneSimulator.Deploy.0 = Release|Any CPU
		{288CAF3A-B333-419D-ACAD-D00BF5A6AF2C}.AppStore|x64.ActiveCfg = Release|Any CPU
		{288CAF3A-B333-419D-ACAD-D00BF5A6AF2C}.AppStore|x64.Build.0 = Release|Any CPU
		{288CAF3A-B333-419D-ACAD-D00BF5A6AF2C}.AppStore|x64.Deploy.0 = Release|Any CPU
		{288CAF3A-B333-419D-ACAD-D00BF5A6AF2C}.AppStore|x86.ActiveCfg = Release|Any CPU
		{288CAF3A-B333-419D-ACAD-D00BF5A6AF2C}.AppStore|x86.Build.0 = Release|Any CPU
		{288CAF3A-B333-419D-ACAD-D00BF5A6AF2C}.AppStore|x86.Deploy.0 = Release|Any CPU
		{288CAF3A-B333-419D-ACAD-D00BF5A6AF2C}.Debug|Any CPU.ActiveCfg = Debug|Any CPU
		{288CAF3A-B333-419D-ACAD-D00BF5A6AF2C}.Debug|Any CPU.Build.0 = Debug|Any CPU
		{288CAF3A-B333-419D-ACAD-D00BF5A6AF2C}.Debug|Any CPU.Deploy.0 = Debug|Any CPU
		{288CAF3A-B333-419D-ACAD-D00BF5A6AF2C}.Debug|ARM.ActiveCfg = Debug|Any CPU
		{288CAF3A-B333-419D-ACAD-D00BF5A6AF2C}.Debug|ARM.Build.0 = Debug|Any CPU
		{288CAF3A-B333-419D-ACAD-D00BF5A6AF2C}.Debug|ARM.Deploy.0 = Debug|Any CPU
		{288CAF3A-B333-419D-ACAD-D00BF5A6AF2C}.Debug|iPhone.ActiveCfg = Debug|Any CPU
		{288CAF3A-B333-419D-ACAD-D00BF5A6AF2C}.Debug|iPhone.Build.0 = Debug|Any CPU
		{288CAF3A-B333-419D-ACAD-D00BF5A6AF2C}.Debug|iPhone.Deploy.0 = Debug|Any CPU
		{288CAF3A-B333-419D-ACAD-D00BF5A6AF2C}.Debug|iPhoneSimulator.ActiveCfg = Debug|Any CPU
		{288CAF3A-B333-419D-ACAD-D00BF5A6AF2C}.Debug|iPhoneSimulator.Build.0 = Debug|Any CPU
		{288CAF3A-B333-419D-ACAD-D00BF5A6AF2C}.Debug|iPhoneSimulator.Deploy.0 = Debug|Any CPU
		{288CAF3A-B333-419D-ACAD-D00BF5A6AF2C}.Debug|x64.ActiveCfg = Debug|Any CPU
		{288CAF3A-B333-419D-ACAD-D00BF5A6AF2C}.Debug|x64.Build.0 = Debug|Any CPU
		{288CAF3A-B333-419D-ACAD-D00BF5A6AF2C}.Debug|x64.Deploy.0 = Debug|Any CPU
		{288CAF3A-B333-419D-ACAD-D00BF5A6AF2C}.Debug|x86.ActiveCfg = Debug|Any CPU
		{288CAF3A-B333-419D-ACAD-D00BF5A6AF2C}.Debug|x86.Build.0 = Debug|Any CPU
		{288CAF3A-B333-419D-ACAD-D00BF5A6AF2C}.Debug|x86.Deploy.0 = Debug|Any CPU
		{288CAF3A-B333-419D-ACAD-D00BF5A6AF2C}.Release|Any CPU.ActiveCfg = Release|Any CPU
		{288CAF3A-B333-419D-ACAD-D00BF5A6AF2C}.Release|Any CPU.Build.0 = Release|Any CPU
		{288CAF3A-B333-419D-ACAD-D00BF5A6AF2C}.Release|Any CPU.Deploy.0 = Release|Any CPU
		{288CAF3A-B333-419D-ACAD-D00BF5A6AF2C}.Release|ARM.ActiveCfg = Release|Any CPU
		{288CAF3A-B333-419D-ACAD-D00BF5A6AF2C}.Release|ARM.Build.0 = Release|Any CPU
		{288CAF3A-B333-419D-ACAD-D00BF5A6AF2C}.Release|ARM.Deploy.0 = Release|Any CPU
		{288CAF3A-B333-419D-ACAD-D00BF5A6AF2C}.Release|iPhone.ActiveCfg = Release|Any CPU
		{288CAF3A-B333-419D-ACAD-D00BF5A6AF2C}.Release|iPhone.Build.0 = Release|Any CPU
		{288CAF3A-B333-419D-ACAD-D00BF5A6AF2C}.Release|iPhone.Deploy.0 = Release|Any CPU
		{288CAF3A-B333-419D-ACAD-D00BF5A6AF2C}.Release|iPhoneSimulator.ActiveCfg = Release|Any CPU
		{288CAF3A-B333-419D-ACAD-D00BF5A6AF2C}.Release|iPhoneSimulator.Build.0 = Release|Any CPU
		{288CAF3A-B333-419D-ACAD-D00BF5A6AF2C}.Release|iPhoneSimulator.Deploy.0 = Release|Any CPU
		{288CAF3A-B333-419D-ACAD-D00BF5A6AF2C}.Release|x64.ActiveCfg = Release|Any CPU
		{288CAF3A-B333-419D-ACAD-D00BF5A6AF2C}.Release|x64.Build.0 = Release|Any CPU
		{288CAF3A-B333-419D-ACAD-D00BF5A6AF2C}.Release|x64.Deploy.0 = Release|Any CPU
		{288CAF3A-B333-419D-ACAD-D00BF5A6AF2C}.Release|x86.ActiveCfg = Release|Any CPU
		{288CAF3A-B333-419D-ACAD-D00BF5A6AF2C}.Release|x86.Build.0 = Release|Any CPU
		{288CAF3A-B333-419D-ACAD-D00BF5A6AF2C}.Release|x86.Deploy.0 = Release|Any CPU
		{5A797045-1BD6-4B49-A0ED-C05753C894DA}.Ad-Hoc|Any CPU.ActiveCfg = Ad-Hoc|iPhone
		{5A797045-1BD6-4B49-A0ED-C05753C894DA}.Ad-Hoc|ARM.ActiveCfg = Ad-Hoc|iPhone
		{5A797045-1BD6-4B49-A0ED-C05753C894DA}.Ad-Hoc|iPhone.ActiveCfg = Ad-Hoc|iPhone
		{5A797045-1BD6-4B49-A0ED-C05753C894DA}.Ad-Hoc|iPhone.Build.0 = Ad-Hoc|iPhone
		{5A797045-1BD6-4B49-A0ED-C05753C894DA}.Ad-Hoc|iPhoneSimulator.ActiveCfg = Ad-Hoc|iPhoneSimulator
		{5A797045-1BD6-4B49-A0ED-C05753C894DA}.Ad-Hoc|iPhoneSimulator.Build.0 = Ad-Hoc|iPhoneSimulator
		{5A797045-1BD6-4B49-A0ED-C05753C894DA}.Ad-Hoc|x64.ActiveCfg = Ad-Hoc|iPhone
		{5A797045-1BD6-4B49-A0ED-C05753C894DA}.Ad-Hoc|x86.ActiveCfg = Ad-Hoc|iPhone
		{5A797045-1BD6-4B49-A0ED-C05753C894DA}.AppStore|Any CPU.ActiveCfg = AppStore|iPhone
		{5A797045-1BD6-4B49-A0ED-C05753C894DA}.AppStore|ARM.ActiveCfg = AppStore|iPhone
		{5A797045-1BD6-4B49-A0ED-C05753C894DA}.AppStore|iPhone.ActiveCfg = AppStore|iPhone
		{5A797045-1BD6-4B49-A0ED-C05753C894DA}.AppStore|iPhone.Build.0 = AppStore|iPhone
		{5A797045-1BD6-4B49-A0ED-C05753C894DA}.AppStore|iPhoneSimulator.ActiveCfg = AppStore|iPhoneSimulator
		{5A797045-1BD6-4B49-A0ED-C05753C894DA}.AppStore|iPhoneSimulator.Build.0 = AppStore|iPhoneSimulator
		{5A797045-1BD6-4B49-A0ED-C05753C894DA}.AppStore|x64.ActiveCfg = AppStore|iPhone
		{5A797045-1BD6-4B49-A0ED-C05753C894DA}.AppStore|x86.ActiveCfg = AppStore|iPhone
		{5A797045-1BD6-4B49-A0ED-C05753C894DA}.Debug|Any CPU.ActiveCfg = Debug|iPhone
		{5A797045-1BD6-4B49-A0ED-C05753C894DA}.Debug|ARM.ActiveCfg = Debug|iPhone
		{5A797045-1BD6-4B49-A0ED-C05753C894DA}.Debug|iPhone.ActiveCfg = Debug|iPhone
		{5A797045-1BD6-4B49-A0ED-C05753C894DA}.Debug|iPhone.Build.0 = Debug|iPhone
		{5A797045-1BD6-4B49-A0ED-C05753C894DA}.Debug|iPhoneSimulator.ActiveCfg = Debug|iPhoneSimulator
		{5A797045-1BD6-4B49-A0ED-C05753C894DA}.Debug|iPhoneSimulator.Build.0 = Debug|iPhoneSimulator
		{5A797045-1BD6-4B49-A0ED-C05753C894DA}.Debug|x64.ActiveCfg = Debug|iPhone
		{5A797045-1BD6-4B49-A0ED-C05753C894DA}.Debug|x86.ActiveCfg = Debug|iPhone
		{5A797045-1BD6-4B49-A0ED-C05753C894DA}.Release|Any CPU.ActiveCfg = Release|iPhone
		{5A797045-1BD6-4B49-A0ED-C05753C894DA}.Release|ARM.ActiveCfg = Release|iPhone
		{5A797045-1BD6-4B49-A0ED-C05753C894DA}.Release|iPhone.ActiveCfg = Release|iPhone
		{5A797045-1BD6-4B49-A0ED-C05753C894DA}.Release|iPhone.Build.0 = Release|iPhone
		{5A797045-1BD6-4B49-A0ED-C05753C894DA}.Release|iPhoneSimulator.ActiveCfg = Release|iPhoneSimulator
		{5A797045-1BD6-4B49-A0ED-C05753C894DA}.Release|iPhoneSimulator.Build.0 = Release|iPhoneSimulator
		{5A797045-1BD6-4B49-A0ED-C05753C894DA}.Release|x64.ActiveCfg = Release|iPhone
		{5A797045-1BD6-4B49-A0ED-C05753C894DA}.Release|x86.ActiveCfg = Release|iPhone
		{6FFAA3C5-540B-42FB-94D4-978636297D4E}.Ad-Hoc|Any CPU.ActiveCfg = Release|Any CPU
		{6FFAA3C5-540B-42FB-94D4-978636297D4E}.Ad-Hoc|Any CPU.Build.0 = Release|Any CPU
		{6FFAA3C5-540B-42FB-94D4-978636297D4E}.Ad-Hoc|Any CPU.Deploy.0 = Release|Any CPU
		{6FFAA3C5-540B-42FB-94D4-978636297D4E}.Ad-Hoc|ARM.ActiveCfg = Release|ARM
		{6FFAA3C5-540B-42FB-94D4-978636297D4E}.Ad-Hoc|ARM.Build.0 = Release|ARM
		{6FFAA3C5-540B-42FB-94D4-978636297D4E}.Ad-Hoc|ARM.Deploy.0 = Release|ARM
		{6FFAA3C5-540B-42FB-94D4-978636297D4E}.Ad-Hoc|iPhone.ActiveCfg = Release|Any CPU
		{6FFAA3C5-540B-42FB-94D4-978636297D4E}.Ad-Hoc|iPhone.Build.0 = Release|Any CPU
		{6FFAA3C5-540B-42FB-94D4-978636297D4E}.Ad-Hoc|iPhone.Deploy.0 = Release|Any CPU
		{6FFAA3C5-540B-42FB-94D4-978636297D4E}.Ad-Hoc|iPhoneSimulator.ActiveCfg = Release|Any CPU
		{6FFAA3C5-540B-42FB-94D4-978636297D4E}.Ad-Hoc|iPhoneSimulator.Build.0 = Release|Any CPU
		{6FFAA3C5-540B-42FB-94D4-978636297D4E}.Ad-Hoc|iPhoneSimulator.Deploy.0 = Release|Any CPU
		{6FFAA3C5-540B-42FB-94D4-978636297D4E}.Ad-Hoc|x64.ActiveCfg = Release|Any CPU
		{6FFAA3C5-540B-42FB-94D4-978636297D4E}.Ad-Hoc|x64.Build.0 = Release|Any CPU
		{6FFAA3C5-540B-42FB-94D4-978636297D4E}.Ad-Hoc|x64.Deploy.0 = Release|Any CPU
		{6FFAA3C5-540B-42FB-94D4-978636297D4E}.Ad-Hoc|x86.ActiveCfg = Release|x86
		{6FFAA3C5-540B-42FB-94D4-978636297D4E}.Ad-Hoc|x86.Build.0 = Release|x86
		{6FFAA3C5-540B-42FB-94D4-978636297D4E}.Ad-Hoc|x86.Deploy.0 = Release|x86
		{6FFAA3C5-540B-42FB-94D4-978636297D4E}.AppStore|Any CPU.ActiveCfg = Release|Any CPU
		{6FFAA3C5-540B-42FB-94D4-978636297D4E}.AppStore|Any CPU.Build.0 = Release|Any CPU
		{6FFAA3C5-540B-42FB-94D4-978636297D4E}.AppStore|Any CPU.Deploy.0 = Release|Any CPU
		{6FFAA3C5-540B-42FB-94D4-978636297D4E}.AppStore|ARM.ActiveCfg = Release|ARM
		{6FFAA3C5-540B-42FB-94D4-978636297D4E}.AppStore|ARM.Build.0 = Release|ARM
		{6FFAA3C5-540B-42FB-94D4-978636297D4E}.AppStore|ARM.Deploy.0 = Release|ARM
		{6FFAA3C5-540B-42FB-94D4-978636297D4E}.AppStore|iPhone.ActiveCfg = Release|Any CPU
		{6FFAA3C5-540B-42FB-94D4-978636297D4E}.AppStore|iPhone.Build.0 = Release|Any CPU
		{6FFAA3C5-540B-42FB-94D4-978636297D4E}.AppStore|iPhone.Deploy.0 = Release|Any CPU
		{6FFAA3C5-540B-42FB-94D4-978636297D4E}.AppStore|iPhoneSimulator.ActiveCfg = Release|Any CPU
		{6FFAA3C5-540B-42FB-94D4-978636297D4E}.AppStore|iPhoneSimulator.Build.0 = Release|Any CPU
		{6FFAA3C5-540B-42FB-94D4-978636297D4E}.AppStore|iPhoneSimulator.Deploy.0 = Release|Any CPU
		{6FFAA3C5-540B-42FB-94D4-978636297D4E}.AppStore|x64.ActiveCfg = Release|Any CPU
		{6FFAA3C5-540B-42FB-94D4-978636297D4E}.AppStore|x64.Build.0 = Release|Any CPU
		{6FFAA3C5-540B-42FB-94D4-978636297D4E}.AppStore|x64.Deploy.0 = Release|Any CPU
		{6FFAA3C5-540B-42FB-94D4-978636297D4E}.AppStore|x86.ActiveCfg = Release|x86
		{6FFAA3C5-540B-42FB-94D4-978636297D4E}.AppStore|x86.Build.0 = Release|x86
		{6FFAA3C5-540B-42FB-94D4-978636297D4E}.AppStore|x86.Deploy.0 = Release|x86
		{6FFAA3C5-540B-42FB-94D4-978636297D4E}.Debug|Any CPU.ActiveCfg = Debug|x86
		{6FFAA3C5-540B-42FB-94D4-978636297D4E}.Debug|Any CPU.Build.0 = Debug|x86
		{6FFAA3C5-540B-42FB-94D4-978636297D4E}.Debug|Any CPU.Deploy.0 = Debug|x86
		{6FFAA3C5-540B-42FB-94D4-978636297D4E}.Debug|ARM.ActiveCfg = Debug|ARM
		{6FFAA3C5-540B-42FB-94D4-978636297D4E}.Debug|ARM.Build.0 = Debug|ARM
		{6FFAA3C5-540B-42FB-94D4-978636297D4E}.Debug|ARM.Deploy.0 = Debug|ARM
		{6FFAA3C5-540B-42FB-94D4-978636297D4E}.Debug|iPhone.ActiveCfg = Debug|Any CPU
		{6FFAA3C5-540B-42FB-94D4-978636297D4E}.Debug|iPhone.Build.0 = Debug|Any CPU
		{6FFAA3C5-540B-42FB-94D4-978636297D4E}.Debug|iPhone.Deploy.0 = Debug|Any CPU
		{6FFAA3C5-540B-42FB-94D4-978636297D4E}.Debug|iPhoneSimulator.ActiveCfg = Debug|Any CPU
		{6FFAA3C5-540B-42FB-94D4-978636297D4E}.Debug|iPhoneSimulator.Build.0 = Debug|Any CPU
		{6FFAA3C5-540B-42FB-94D4-978636297D4E}.Debug|iPhoneSimulator.Deploy.0 = Debug|Any CPU
		{6FFAA3C5-540B-42FB-94D4-978636297D4E}.Debug|x64.ActiveCfg = Debug|Any CPU
		{6FFAA3C5-540B-42FB-94D4-978636297D4E}.Debug|x64.Build.0 = Debug|Any CPU
		{6FFAA3C5-540B-42FB-94D4-978636297D4E}.Debug|x64.Deploy.0 = Debug|Any CPU
		{6FFAA3C5-540B-42FB-94D4-978636297D4E}.Debug|x86.ActiveCfg = Debug|x86
		{6FFAA3C5-540B-42FB-94D4-978636297D4E}.Debug|x86.Build.0 = Debug|x86
		{6FFAA3C5-540B-42FB-94D4-978636297D4E}.Debug|x86.Deploy.0 = Debug|x86
		{6FFAA3C5-540B-42FB-94D4-978636297D4E}.Release|Any CPU.ActiveCfg = Release|Any CPU
		{6FFAA3C5-540B-42FB-94D4-978636297D4E}.Release|Any CPU.Build.0 = Release|Any CPU
		{6FFAA3C5-540B-42FB-94D4-978636297D4E}.Release|Any CPU.Deploy.0 = Release|Any CPU
		{6FFAA3C5-540B-42FB-94D4-978636297D4E}.Release|ARM.ActiveCfg = Release|ARM
		{6FFAA3C5-540B-42FB-94D4-978636297D4E}.Release|ARM.Build.0 = Release|ARM
		{6FFAA3C5-540B-42FB-94D4-978636297D4E}.Release|ARM.Deploy.0 = Release|ARM
		{6FFAA3C5-540B-42FB-94D4-978636297D4E}.Release|iPhone.ActiveCfg = Release|Any CPU
		{6FFAA3C5-540B-42FB-94D4-978636297D4E}.Release|iPhone.Build.0 = Release|Any CPU
		{6FFAA3C5-540B-42FB-94D4-978636297D4E}.Release|iPhone.Deploy.0 = Release|Any CPU
		{6FFAA3C5-540B-42FB-94D4-978636297D4E}.Release|iPhoneSimulator.ActiveCfg = Release|Any CPU
		{6FFAA3C5-540B-42FB-94D4-978636297D4E}.Release|iPhoneSimulator.Build.0 = Release|Any CPU
		{6FFAA3C5-540B-42FB-94D4-978636297D4E}.Release|iPhoneSimulator.Deploy.0 = Release|Any CPU
		{6FFAA3C5-540B-42FB-94D4-978636297D4E}.Release|x64.ActiveCfg = Release|Any CPU
		{6FFAA3C5-540B-42FB-94D4-978636297D4E}.Release|x64.Build.0 = Release|Any CPU
		{6FFAA3C5-540B-42FB-94D4-978636297D4E}.Release|x64.Deploy.0 = Release|Any CPU
		{6FFAA3C5-540B-42FB-94D4-978636297D4E}.Release|x86.ActiveCfg = Release|x86
		{6FFAA3C5-540B-42FB-94D4-978636297D4E}.Release|x86.Build.0 = Release|x86
		{6FFAA3C5-540B-42FB-94D4-978636297D4E}.Release|x86.Deploy.0 = Release|x86
		{ED0D0FF2-E6A8-4FB8-AA1E-32DFC39DBA53}.Ad-Hoc|Any CPU.ActiveCfg = Release|x86
		{ED0D0FF2-E6A8-4FB8-AA1E-32DFC39DBA53}.Ad-Hoc|Any CPU.Build.0 = Release|x86
		{ED0D0FF2-E6A8-4FB8-AA1E-32DFC39DBA53}.Ad-Hoc|Any CPU.Deploy.0 = Release|x86
		{ED0D0FF2-E6A8-4FB8-AA1E-32DFC39DBA53}.Ad-Hoc|ARM.ActiveCfg = Release|ARM
		{ED0D0FF2-E6A8-4FB8-AA1E-32DFC39DBA53}.Ad-Hoc|ARM.Build.0 = Release|ARM
		{ED0D0FF2-E6A8-4FB8-AA1E-32DFC39DBA53}.Ad-Hoc|ARM.Deploy.0 = Release|ARM
		{ED0D0FF2-E6A8-4FB8-AA1E-32DFC39DBA53}.Ad-Hoc|iPhone.ActiveCfg = Release|x86
		{ED0D0FF2-E6A8-4FB8-AA1E-32DFC39DBA53}.Ad-Hoc|iPhone.Build.0 = Release|x86
		{ED0D0FF2-E6A8-4FB8-AA1E-32DFC39DBA53}.Ad-Hoc|iPhone.Deploy.0 = Release|x86
		{ED0D0FF2-E6A8-4FB8-AA1E-32DFC39DBA53}.Ad-Hoc|iPhoneSimulator.ActiveCfg = Release|x86
		{ED0D0FF2-E6A8-4FB8-AA1E-32DFC39DBA53}.Ad-Hoc|iPhoneSimulator.Build.0 = Release|x86
		{ED0D0FF2-E6A8-4FB8-AA1E-32DFC39DBA53}.Ad-Hoc|iPhoneSimulator.Deploy.0 = Release|x86
		{ED0D0FF2-E6A8-4FB8-AA1E-32DFC39DBA53}.Ad-Hoc|x64.ActiveCfg = Release|x64
		{ED0D0FF2-E6A8-4FB8-AA1E-32DFC39DBA53}.Ad-Hoc|x64.Build.0 = Release|x64
		{ED0D0FF2-E6A8-4FB8-AA1E-32DFC39DBA53}.Ad-Hoc|x64.Deploy.0 = Release|x64
		{ED0D0FF2-E6A8-4FB8-AA1E-32DFC39DBA53}.Ad-Hoc|x86.ActiveCfg = Release|x86
		{ED0D0FF2-E6A8-4FB8-AA1E-32DFC39DBA53}.Ad-Hoc|x86.Build.0 = Release|x86
		{ED0D0FF2-E6A8-4FB8-AA1E-32DFC39DBA53}.Ad-Hoc|x86.Deploy.0 = Release|x86
		{ED0D0FF2-E6A8-4FB8-AA1E-32DFC39DBA53}.AppStore|Any CPU.ActiveCfg = Release|x86
		{ED0D0FF2-E6A8-4FB8-AA1E-32DFC39DBA53}.AppStore|Any CPU.Build.0 = Release|x86
		{ED0D0FF2-E6A8-4FB8-AA1E-32DFC39DBA53}.AppStore|Any CPU.Deploy.0 = Release|x86
		{ED0D0FF2-E6A8-4FB8-AA1E-32DFC39DBA53}.AppStore|ARM.ActiveCfg = Release|ARM
		{ED0D0FF2-E6A8-4FB8-AA1E-32DFC39DBA53}.AppStore|ARM.Build.0 = Release|ARM
		{ED0D0FF2-E6A8-4FB8-AA1E-32DFC39DBA53}.AppStore|ARM.Deploy.0 = Release|ARM
		{ED0D0FF2-E6A8-4FB8-AA1E-32DFC39DBA53}.AppStore|iPhone.ActiveCfg = Release|x86
		{ED0D0FF2-E6A8-4FB8-AA1E-32DFC39DBA53}.AppStore|iPhone.Build.0 = Release|x86
		{ED0D0FF2-E6A8-4FB8-AA1E-32DFC39DBA53}.AppStore|iPhone.Deploy.0 = Release|x86
		{ED0D0FF2-E6A8-4FB8-AA1E-32DFC39DBA53}.AppStore|iPhoneSimulator.ActiveCfg = Release|x86
		{ED0D0FF2-E6A8-4FB8-AA1E-32DFC39DBA53}.AppStore|iPhoneSimulator.Build.0 = Release|x86
		{ED0D0FF2-E6A8-4FB8-AA1E-32DFC39DBA53}.AppStore|iPhoneSimulator.Deploy.0 = Release|x86
		{ED0D0FF2-E6A8-4FB8-AA1E-32DFC39DBA53}.AppStore|x64.ActiveCfg = Release|x64
		{ED0D0FF2-E6A8-4FB8-AA1E-32DFC39DBA53}.AppStore|x64.Build.0 = Release|x64
		{ED0D0FF2-E6A8-4FB8-AA1E-32DFC39DBA53}.AppStore|x64.Deploy.0 = Release|x64
		{ED0D0FF2-E6A8-4FB8-AA1E-32DFC39DBA53}.AppStore|x86.ActiveCfg = Release|x86
		{ED0D0FF2-E6A8-4FB8-AA1E-32DFC39DBA53}.AppStore|x86.Build.0 = Release|x86
		{ED0D0FF2-E6A8-4FB8-AA1E-32DFC39DBA53}.AppStore|x86.Deploy.0 = Release|x86
		{ED0D0FF2-E6A8-4FB8-AA1E-32DFC39DBA53}.Debug|Any CPU.ActiveCfg = Debug|x86
		{ED0D0FF2-E6A8-4FB8-AA1E-32DFC39DBA53}.Debug|ARM.ActiveCfg = Debug|ARM
		{ED0D0FF2-E6A8-4FB8-AA1E-32DFC39DBA53}.Debug|ARM.Build.0 = Debug|ARM
		{ED0D0FF2-E6A8-4FB8-AA1E-32DFC39DBA53}.Debug|ARM.Deploy.0 = Debug|ARM
		{ED0D0FF2-E6A8-4FB8-AA1E-32DFC39DBA53}.Debug|iPhone.ActiveCfg = Debug|x86
		{ED0D0FF2-E6A8-4FB8-AA1E-32DFC39DBA53}.Debug|iPhoneSimulator.ActiveCfg = Debug|x86
		{ED0D0FF2-E6A8-4FB8-AA1E-32DFC39DBA53}.Debug|x64.ActiveCfg = Debug|x64
		{ED0D0FF2-E6A8-4FB8-AA1E-32DFC39DBA53}.Debug|x64.Build.0 = Debug|x64
		{ED0D0FF2-E6A8-4FB8-AA1E-32DFC39DBA53}.Debug|x64.Deploy.0 = Debug|x64
		{ED0D0FF2-E6A8-4FB8-AA1E-32DFC39DBA53}.Debug|x86.ActiveCfg = Debug|x86
		{ED0D0FF2-E6A8-4FB8-AA1E-32DFC39DBA53}.Debug|x86.Build.0 = Debug|x86
		{ED0D0FF2-E6A8-4FB8-AA1E-32DFC39DBA53}.Debug|x86.Deploy.0 = Debug|x86
		{ED0D0FF2-E6A8-4FB8-AA1E-32DFC39DBA53}.Release|Any CPU.ActiveCfg = Release|x86
		{ED0D0FF2-E6A8-4FB8-AA1E-32DFC39DBA53}.Release|ARM.ActiveCfg = Release|ARM
		{ED0D0FF2-E6A8-4FB8-AA1E-32DFC39DBA53}.Release|ARM.Build.0 = Release|ARM
		{ED0D0FF2-E6A8-4FB8-AA1E-32DFC39DBA53}.Release|ARM.Deploy.0 = Release|ARM
		{ED0D0FF2-E6A8-4FB8-AA1E-32DFC39DBA53}.Release|iPhone.ActiveCfg = Release|x86
		{ED0D0FF2-E6A8-4FB8-AA1E-32DFC39DBA53}.Release|iPhoneSimulator.ActiveCfg = Release|x86
		{ED0D0FF2-E6A8-4FB8-AA1E-32DFC39DBA53}.Release|x64.ActiveCfg = Release|x64
		{ED0D0FF2-E6A8-4FB8-AA1E-32DFC39DBA53}.Release|x64.Build.0 = Release|x64
		{ED0D0FF2-E6A8-4FB8-AA1E-32DFC39DBA53}.Release|x64.Deploy.0 = Release|x64
		{ED0D0FF2-E6A8-4FB8-AA1E-32DFC39DBA53}.Release|x86.ActiveCfg = Release|x86
		{ED0D0FF2-E6A8-4FB8-AA1E-32DFC39DBA53}.Release|x86.Build.0 = Release|x86
		{ED0D0FF2-E6A8-4FB8-AA1E-32DFC39DBA53}.Release|x86.Deploy.0 = Release|x86
		{A392EB08-5E34-47FD-9331-558248F0A9D6}.Ad-Hoc|Any CPU.ActiveCfg = Release|Any CPU
		{A392EB08-5E34-47FD-9331-558248F0A9D6}.Ad-Hoc|Any CPU.Build.0 = Release|Any CPU
		{A392EB08-5E34-47FD-9331-558248F0A9D6}.Ad-Hoc|Any CPU.Deploy.0 = Release|Any CPU
		{A392EB08-5E34-47FD-9331-558248F0A9D6}.Ad-Hoc|ARM.ActiveCfg = Release|ARM
		{A392EB08-5E34-47FD-9331-558248F0A9D6}.Ad-Hoc|ARM.Build.0 = Release|ARM
		{A392EB08-5E34-47FD-9331-558248F0A9D6}.Ad-Hoc|ARM.Deploy.0 = Release|ARM
		{A392EB08-5E34-47FD-9331-558248F0A9D6}.Ad-Hoc|iPhone.ActiveCfg = Release|Any CPU
		{A392EB08-5E34-47FD-9331-558248F0A9D6}.Ad-Hoc|iPhone.Build.0 = Release|Any CPU
		{A392EB08-5E34-47FD-9331-558248F0A9D6}.Ad-Hoc|iPhone.Deploy.0 = Release|Any CPU
		{A392EB08-5E34-47FD-9331-558248F0A9D6}.Ad-Hoc|iPhoneSimulator.ActiveCfg = Release|Any CPU
		{A392EB08-5E34-47FD-9331-558248F0A9D6}.Ad-Hoc|iPhoneSimulator.Build.0 = Release|Any CPU
		{A392EB08-5E34-47FD-9331-558248F0A9D6}.Ad-Hoc|iPhoneSimulator.Deploy.0 = Release|Any CPU
		{A392EB08-5E34-47FD-9331-558248F0A9D6}.Ad-Hoc|x64.ActiveCfg = Release|x64
		{A392EB08-5E34-47FD-9331-558248F0A9D6}.Ad-Hoc|x64.Build.0 = Release|x64
		{A392EB08-5E34-47FD-9331-558248F0A9D6}.Ad-Hoc|x64.Deploy.0 = Release|x64
		{A392EB08-5E34-47FD-9331-558248F0A9D6}.Ad-Hoc|x86.ActiveCfg = Release|x86
		{A392EB08-5E34-47FD-9331-558248F0A9D6}.Ad-Hoc|x86.Build.0 = Release|x86
		{A392EB08-5E34-47FD-9331-558248F0A9D6}.Ad-Hoc|x86.Deploy.0 = Release|x86
		{A392EB08-5E34-47FD-9331-558248F0A9D6}.AppStore|Any CPU.ActiveCfg = Release|Any CPU
		{A392EB08-5E34-47FD-9331-558248F0A9D6}.AppStore|Any CPU.Build.0 = Release|Any CPU
		{A392EB08-5E34-47FD-9331-558248F0A9D6}.AppStore|Any CPU.Deploy.0 = Release|Any CPU
		{A392EB08-5E34-47FD-9331-558248F0A9D6}.AppStore|ARM.ActiveCfg = Release|ARM
		{A392EB08-5E34-47FD-9331-558248F0A9D6}.AppStore|ARM.Build.0 = Release|ARM
		{A392EB08-5E34-47FD-9331-558248F0A9D6}.AppStore|ARM.Deploy.0 = Release|ARM
		{A392EB08-5E34-47FD-9331-558248F0A9D6}.AppStore|iPhone.ActiveCfg = Release|Any CPU
		{A392EB08-5E34-47FD-9331-558248F0A9D6}.AppStore|iPhone.Build.0 = Release|Any CPU
		{A392EB08-5E34-47FD-9331-558248F0A9D6}.AppStore|iPhone.Deploy.0 = Release|Any CPU
		{A392EB08-5E34-47FD-9331-558248F0A9D6}.AppStore|iPhoneSimulator.ActiveCfg = Release|Any CPU
		{A392EB08-5E34-47FD-9331-558248F0A9D6}.AppStore|iPhoneSimulator.Build.0 = Release|Any CPU
		{A392EB08-5E34-47FD-9331-558248F0A9D6}.AppStore|iPhoneSimulator.Deploy.0 = Release|Any CPU
		{A392EB08-5E34-47FD-9331-558248F0A9D6}.AppStore|x64.ActiveCfg = Release|x64
		{A392EB08-5E34-47FD-9331-558248F0A9D6}.AppStore|x64.Build.0 = Release|x64
		{A392EB08-5E34-47FD-9331-558248F0A9D6}.AppStore|x64.Deploy.0 = Release|x64
		{A392EB08-5E34-47FD-9331-558248F0A9D6}.AppStore|x86.ActiveCfg = Release|x86
		{A392EB08-5E34-47FD-9331-558248F0A9D6}.AppStore|x86.Build.0 = Release|x86
		{A392EB08-5E34-47FD-9331-558248F0A9D6}.AppStore|x86.Deploy.0 = Release|x86
		{A392EB08-5E34-47FD-9331-558248F0A9D6}.Debug|Any CPU.ActiveCfg = Debug|x86
		{A392EB08-5E34-47FD-9331-558248F0A9D6}.Debug|Any CPU.Build.0 = Debug|x86
		{A392EB08-5E34-47FD-9331-558248F0A9D6}.Debug|Any CPU.Deploy.0 = Debug|x86
		{A392EB08-5E34-47FD-9331-558248F0A9D6}.Debug|ARM.ActiveCfg = Debug|ARM
		{A392EB08-5E34-47FD-9331-558248F0A9D6}.Debug|ARM.Build.0 = Debug|ARM
		{A392EB08-5E34-47FD-9331-558248F0A9D6}.Debug|ARM.Deploy.0 = Debug|ARM
		{A392EB08-5E34-47FD-9331-558248F0A9D6}.Debug|iPhone.ActiveCfg = Debug|Any CPU
		{A392EB08-5E34-47FD-9331-558248F0A9D6}.Debug|iPhone.Build.0 = Debug|Any CPU
		{A392EB08-5E34-47FD-9331-558248F0A9D6}.Debug|iPhone.Deploy.0 = Debug|Any CPU
		{A392EB08-5E34-47FD-9331-558248F0A9D6}.Debug|iPhoneSimulator.ActiveCfg = Debug|Any CPU
		{A392EB08-5E34-47FD-9331-558248F0A9D6}.Debug|iPhoneSimulator.Build.0 = Debug|Any CPU
		{A392EB08-5E34-47FD-9331-558248F0A9D6}.Debug|iPhoneSimulator.Deploy.0 = Debug|Any CPU
		{A392EB08-5E34-47FD-9331-558248F0A9D6}.Debug|x64.ActiveCfg = Debug|x64
		{A392EB08-5E34-47FD-9331-558248F0A9D6}.Debug|x64.Build.0 = Debug|x64
		{A392EB08-5E34-47FD-9331-558248F0A9D6}.Debug|x64.Deploy.0 = Debug|x64
		{A392EB08-5E34-47FD-9331-558248F0A9D6}.Debug|x86.ActiveCfg = Debug|x86
		{A392EB08-5E34-47FD-9331-558248F0A9D6}.Debug|x86.Build.0 = Debug|x86
		{A392EB08-5E34-47FD-9331-558248F0A9D6}.Debug|x86.Deploy.0 = Debug|x86
		{A392EB08-5E34-47FD-9331-558248F0A9D6}.Release|Any CPU.ActiveCfg = Release|Any CPU
		{A392EB08-5E34-47FD-9331-558248F0A9D6}.Release|Any CPU.Build.0 = Release|Any CPU
		{A392EB08-5E34-47FD-9331-558248F0A9D6}.Release|Any CPU.Deploy.0 = Release|Any CPU
		{A392EB08-5E34-47FD-9331-558248F0A9D6}.Release|ARM.ActiveCfg = Release|ARM
		{A392EB08-5E34-47FD-9331-558248F0A9D6}.Release|ARM.Build.0 = Release|ARM
		{A392EB08-5E34-47FD-9331-558248F0A9D6}.Release|ARM.Deploy.0 = Release|ARM
		{A392EB08-5E34-47FD-9331-558248F0A9D6}.Release|iPhone.ActiveCfg = Release|Any CPU
		{A392EB08-5E34-47FD-9331-558248F0A9D6}.Release|iPhone.Build.0 = Release|Any CPU
		{A392EB08-5E34-47FD-9331-558248F0A9D6}.Release|iPhone.Deploy.0 = Release|Any CPU
		{A392EB08-5E34-47FD-9331-558248F0A9D6}.Release|iPhoneSimulator.ActiveCfg = Release|Any CPU
		{A392EB08-5E34-47FD-9331-558248F0A9D6}.Release|iPhoneSimulator.Build.0 = Release|Any CPU
		{A392EB08-5E34-47FD-9331-558248F0A9D6}.Release|iPhoneSimulator.Deploy.0 = Release|Any CPU
		{A392EB08-5E34-47FD-9331-558248F0A9D6}.Release|x64.ActiveCfg = Release|x64
		{A392EB08-5E34-47FD-9331-558248F0A9D6}.Release|x64.Build.0 = Release|x64
		{A392EB08-5E34-47FD-9331-558248F0A9D6}.Release|x64.Deploy.0 = Release|x64
		{A392EB08-5E34-47FD-9331-558248F0A9D6}.Release|x86.ActiveCfg = Release|x86
		{A392EB08-5E34-47FD-9331-558248F0A9D6}.Release|x86.Build.0 = Release|x86
		{A392EB08-5E34-47FD-9331-558248F0A9D6}.Release|x86.Deploy.0 = Release|x86
		{0AF1A7D9-8F89-492A-A113-233D37D4F191}.Ad-Hoc|Any CPU.ActiveCfg = Release|Any CPU
		{0AF1A7D9-8F89-492A-A113-233D37D4F191}.Ad-Hoc|Any CPU.Build.0 = Release|Any CPU
		{0AF1A7D9-8F89-492A-A113-233D37D4F191}.Ad-Hoc|ARM.ActiveCfg = Release|Any CPU
		{0AF1A7D9-8F89-492A-A113-233D37D4F191}.Ad-Hoc|ARM.Build.0 = Release|Any CPU
		{0AF1A7D9-8F89-492A-A113-233D37D4F191}.Ad-Hoc|iPhone.ActiveCfg = Release|Any CPU
		{0AF1A7D9-8F89-492A-A113-233D37D4F191}.Ad-Hoc|iPhone.Build.0 = Release|Any CPU
		{0AF1A7D9-8F89-492A-A113-233D37D4F191}.Ad-Hoc|iPhoneSimulator.ActiveCfg = Release|Any CPU
		{0AF1A7D9-8F89-492A-A113-233D37D4F191}.Ad-Hoc|iPhoneSimulator.Build.0 = Release|Any CPU
		{0AF1A7D9-8F89-492A-A113-233D37D4F191}.Ad-Hoc|x64.ActiveCfg = Release|Any CPU
		{0AF1A7D9-8F89-492A-A113-233D37D4F191}.Ad-Hoc|x64.Build.0 = Release|Any CPU
		{0AF1A7D9-8F89-492A-A113-233D37D4F191}.Ad-Hoc|x86.ActiveCfg = Release|Any CPU
		{0AF1A7D9-8F89-492A-A113-233D37D4F191}.Ad-Hoc|x86.Build.0 = Release|Any CPU
		{0AF1A7D9-8F89-492A-A113-233D37D4F191}.AppStore|Any CPU.ActiveCfg = Release|Any CPU
		{0AF1A7D9-8F89-492A-A113-233D37D4F191}.AppStore|Any CPU.Build.0 = Release|Any CPU
		{0AF1A7D9-8F89-492A-A113-233D37D4F191}.AppStore|ARM.ActiveCfg = Release|Any CPU
		{0AF1A7D9-8F89-492A-A113-233D37D4F191}.AppStore|ARM.Build.0 = Release|Any CPU
		{0AF1A7D9-8F89-492A-A113-233D37D4F191}.AppStore|iPhone.ActiveCfg = Release|Any CPU
		{0AF1A7D9-8F89-492A-A113-233D37D4F191}.AppStore|iPhone.Build.0 = Release|Any CPU
		{0AF1A7D9-8F89-492A-A113-233D37D4F191}.AppStore|iPhoneSimulator.ActiveCfg = Release|Any CPU
		{0AF1A7D9-8F89-492A-A113-233D37D4F191}.AppStore|iPhoneSimulator.Build.0 = Release|Any CPU
		{0AF1A7D9-8F89-492A-A113-233D37D4F191}.AppStore|x64.ActiveCfg = Release|Any CPU
		{0AF1A7D9-8F89-492A-A113-233D37D4F191}.AppStore|x64.Build.0 = Release|Any CPU
		{0AF1A7D9-8F89-492A-A113-233D37D4F191}.AppStore|x86.ActiveCfg = Release|Any CPU
		{0AF1A7D9-8F89-492A-A113-233D37D4F191}.AppStore|x86.Build.0 = Release|Any CPU
		{0AF1A7D9-8F89-492A-A113-233D37D4F191}.Debug|Any CPU.ActiveCfg = Debug|Any CPU
		{0AF1A7D9-8F89-492A-A113-233D37D4F191}.Debug|Any CPU.Build.0 = Debug|Any CPU
		{0AF1A7D9-8F89-492A-A113-233D37D4F191}.Debug|ARM.ActiveCfg = Debug|Any CPU
		{0AF1A7D9-8F89-492A-A113-233D37D4F191}.Debug|ARM.Build.0 = Debug|Any CPU
		{0AF1A7D9-8F89-492A-A113-233D37D4F191}.Debug|iPhone.ActiveCfg = Debug|Any CPU
		{0AF1A7D9-8F89-492A-A113-233D37D4F191}.Debug|iPhone.Build.0 = Debug|Any CPU
		{0AF1A7D9-8F89-492A-A113-233D37D4F191}.Debug|iPhoneSimulator.ActiveCfg = Debug|Any CPU
		{0AF1A7D9-8F89-492A-A113-233D37D4F191}.Debug|iPhoneSimulator.Build.0 = Debug|Any CPU
		{0AF1A7D9-8F89-492A-A113-233D37D4F191}.Debug|x64.ActiveCfg = Debug|Any CPU
		{0AF1A7D9-8F89-492A-A113-233D37D4F191}.Debug|x64.Build.0 = Debug|Any CPU
		{0AF1A7D9-8F89-492A-A113-233D37D4F191}.Debug|x86.ActiveCfg = Debug|Any CPU
		{0AF1A7D9-8F89-492A-A113-233D37D4F191}.Debug|x86.Build.0 = Debug|Any CPU
		{0AF1A7D9-8F89-492A-A113-233D37D4F191}.Release|Any CPU.ActiveCfg = Release|Any CPU
		{0AF1A7D9-8F89-492A-A113-233D37D4F191}.Release|Any CPU.Build.0 = Release|Any CPU
		{0AF1A7D9-8F89-492A-A113-233D37D4F191}.Release|ARM.ActiveCfg = Release|Any CPU
		{0AF1A7D9-8F89-492A-A113-233D37D4F191}.Release|ARM.Build.0 = Release|Any CPU
		{0AF1A7D9-8F89-492A-A113-233D37D4F191}.Release|iPhone.ActiveCfg = Release|Any CPU
		{0AF1A7D9-8F89-492A-A113-233D37D4F191}.Release|iPhone.Build.0 = Release|Any CPU
		{0AF1A7D9-8F89-492A-A113-233D37D4F191}.Release|iPhoneSimulator.ActiveCfg = Release|Any CPU
		{0AF1A7D9-8F89-492A-A113-233D37D4F191}.Release|iPhoneSimulator.Build.0 = Release|Any CPU
		{0AF1A7D9-8F89-492A-A113-233D37D4F191}.Release|x64.ActiveCfg = Release|Any CPU
		{0AF1A7D9-8F89-492A-A113-233D37D4F191}.Release|x64.Build.0 = Release|Any CPU
		{0AF1A7D9-8F89-492A-A113-233D37D4F191}.Release|x86.ActiveCfg = Release|Any CPU
		{0AF1A7D9-8F89-492A-A113-233D37D4F191}.Release|x86.Build.0 = Release|Any CPU
	EndGlobalSection
	GlobalSection(SolutionProperties) = preSolution
		HideSolutionNode = FALSE
	EndGlobalSection
EndGlobal
